%{
  "acceptor_pool": {:hex, :acceptor_pool, "1.0.0", "43c20d2acae35f0c2bcd64f9d2bde267e459f0f3fd23dab26485bf518c281b21", [:rebar3], [], "hexpm"},
  "b64url": {:git, "https://github.com/apache/couchdb-b64url.git", "71e064f0722b6a9449354af8e71b898d7e94d215", [tag: "1.0.1"]},
  "bear": {:git, "https://github.com/apache/couchdb-bear.git", "008f48aff819126e281d5ccae80a258bf9bf9c30", [ref: "008f48aff819126e281d5ccae80a258bf9bf9c30"]},
  "bunt": {:hex, :bunt, "0.2.0", "951c6e801e8b1d2cbe58ebbd3e616a869061ddadcc4863d0a2182541acae9a38", [:mix], [], "hexpm"},
  "chatterbox": {:hex, :ts_chatterbox, "0.9.1", "843557ee729b04b3c1bdac33fb162daefdbf4f7ae0af0bdc055fb16e91e057e3", [:rebar3], [{:hpack, "~>0.2.3", [hex: :hpack_erl, repo: "hexpm", optional: false]}], "hexpm"},
  "config": {:git, "https://github.com/apache/couchdb-config.git", "e5172d3a224063e17cd338ab36039f725ea1a69f", [tag: "2.1.6"]},
  "credo": {:hex, :credo, "1.0.5", "fdea745579f8845315fe6a3b43e2f9f8866839cfbc8562bb72778e9fdaa94214", [:mix], [{:bunt, "~> 0.2.0", [hex: :bunt, repo: "hexpm", optional: false]}, {:jason, "~> 1.0", [hex: :jason, repo: "hexpm", optional: false]}], "hexpm"},
  "ctx": {:hex, :ctx, "0.5.0", "78e0f16712e12d707a7f34277381b8e193d7c71eaa24d37330dc02477c09eda5", [:rebar3], [], "hexpm"},
  "docs": {:git, "https://github.com/apache/couchdb-documentation.git", "639c816f8deeb0e14c20718842b6cb3dd655e7c0", [tag: "2.3.0"]},
  "ets_lru": {:git, "https://github.com/apache/couchdb-ets-lru.git", "c952e2cf819613d0e406e430758405fac4d54431", [tag: "1.0.0"]},
  "fauxton": {:git, "https://github.com/apache/couchdb-fauxton", "eaa2f175a3e853d587eca5c5939ca23cb8d856b3", [tag: "v1.1.19"]},
  "folsom": {:git, "https://github.com/apache/couchdb-folsom.git", "785aec7d2ac740d71f610499a438bf33c34a3eac", [tag: "CouchDB-0.8.3"]},
  "gproc": {:hex, :gproc, "0.8.0", "cea02c578589c61e5341fce149ea36ccef236cc2ecac8691fba408e7ea77ec2f", [:rebar3], [], "hexpm"},
  "grpcbox": {:git, "https://github.com/tsloughter/grpcbox", "b6e1bf4bf66540686aaf5a682013ffaf6dc9ae96", []},
  "hpack": {:hex, :hpack_erl, "0.2.3", "17670f83ff984ae6cd74b1c456edde906d27ff013740ee4d9efaa4f1bf999633", [:rebar3], [], "hexpm"},
  "hqueue": {:git, "https://github.com/apache/couchdb-hqueue.git", "b42f55ecfd85807ac82c71d9475461abfa87b9d1", [tag: "1.0.1"]},
  "httpotion": {:hex, :httpotion, "3.1.2", "50e3e559c2ffe8c8908c97e4ffb01efc1c18e8547cc7ce5dd173c9cf0a573a3b", [:mix], [{:ibrowse, "== 4.4.0", [hex: :ibrowse, repo: "hexpm", optional: false]}], "hexpm"},
  "hyper": {:git, "https://github.com/apache/couchdb-hyper.git", "3683a32e91ccc9fce7a8d796191c153b63b54c77", [tag: "CouchDB-2.2.0-4"]},
  "ibrowse": {:git, "https://github.com/apache/couchdb-ibrowse.git", "6c15e3e37fba11a3ba91e533080d81bcef104a20", [tag: "CouchDB-4.0.1-1"]},
  "ioq": {:git, "https://github.com/apache/couchdb-ioq.git", "5ff5921b2ced0ed91f10b8f992420cdec5bf7f18", [tag: "2.1.2"]},
  "jason": {:hex, :jason, "1.1.2", "b03dedea67a99223a2eaf9f1264ce37154564de899fd3d8b9a21b1a6fd64afe7", [:mix], [{:decimal, "~> 1.0", [hex: :decimal, repo: "hexpm", optional: true]}], "hexpm"},
  "jiffy": {:git, "https://github.com/apache/couchdb-jiffy.git", "f85e2fc3ba5d6cb3c7a10e971376c2ba98a40424", [tag: "CouchDB-0.14.11-2"]},
  "junit_formatter": {:hex, :junit_formatter, "3.0.0", "13950d944dbd295da7d8cc4798b8faee808a8bb9b637c88069954eac078ac9da", [:mix], [], "hexpm"},
  "ken": {:git, "https://github.com/apache/couchdb-ken.git", "2cafa8003986081bd377708effe263857d75c9ac", [tag: "1.0.3"]},
  "khash": {:git, "https://github.com/apache/couchdb-khash.git", "02f3da23b737fd064f464af521aecb13cbd11e71", [tag: "1.0.1"]},
  "meck": {:git, "https://github.com/apache/couchdb-meck.git", "1dd41ae9e6364c802cbc0b7fd75f27492ae76d80", [tag: "0.8.8"]},
  "mochiweb": {:git, "https://github.com/apache/couchdb-mochiweb.git", "9efbaac0a2aff24121be76fdedb56ef92af3d574", [tag: "v2.19.0"]},
  "smoosh": {:git, "https://github.com/apache/couchdb-smoosh.git", "8553ee662c6bfd08daabf521cf5c46e0e1696b9b", [tag: "1.0.1"]},
  "snappy": {:git, "https://github.com/apache/couchdb-snappy.git", "2afaa9e2390cb7d70c1607c56a2b9b9a5b4ebdf8", [tag: "CouchDB-1.0.4"]},
  "triq": {:git, "https://github.com/apache/couchdb-triq.git", "74113dbf6c41b7275ce61a7aa25a4b9551e3793d", [tag: "v1.2.0"]},
}
