[{<<"b64url">>,
  {git,"https://github.com/apache/couchdb-b64url.git",
       {ref,"ef4fca0c8d18b963412fc16f5848e95944977927"}},
  0},
 {<<"ibrowse">>,
  {git,"https://github.com/apache/couchdb-ibrowse.git",
       {ref,"a62d4a6d236729e5869842c70447ad46b3409912"}},
  0},
 {<<"jiffy">>,
  {git,"https://github.com/apache/couchdb-jiffy.git",
       {ref,"9ea1b35b6e60ba21dfd4adbd18e7916a831fd7d4"}},
  0}].
