[{<<"b64url">>,
  {git,"https://github.com/apache/couchdb-b64url.git",
       {ref,"ef4fca0c8d18b963412fc16f5848e95944977927"}},
  0},
  {<<"bear">>,
  {git,"https://github.com/jiahuili430/couchdb-bear.git",
       {ref,"da1e52678d628b394d4bf241ccbe410ab90fd1e3"}},
  1},
 {<<"config">>,
  {git,"https://github.com/jiahuili430/couchdb-config.git",
       {ref,"0571481ed314c77a6e7e44ec904afa0109860591"}},
  0},
 {<<"ets_lru">>,
  {git,"https://github.com/apache/couchdb-ets-lru.git",
       {ref,"f1ca157d6f96c9edf343e280709085f9eed1e716"}},
  0},
 {<<"folsom">>,
  {git,"https://github.com/jiahuili430/couchdb-folsom.git",
       {ref,"87f778c1efb11e9caebba328a2cba05453db668c"}},
  0},
 {<<"hyper">>,
  {git,"https://github.com/jiahuili430/couchdb-hyper.git",
       {ref,"69fa387bc9cd67dbe2f4649b4ebd2239e879f239"}},
  0},
 {<<"ibrowse">>,
  {git,"https://github.com/apache/couchdb-ibrowse.git",
       {ref,"a62d4a6d236729e5869842c70447ad46b3409912"}},
  0},
 {<<"jiffy">>,
  {git,"https://github.com/apache/couchdb-jiffy.git",
       {ref,"9ea1b35b6e60ba21dfd4adbd18e7916a831fd7d4"}},
  0},
 {<<"khash">>,
  {git,"https://github.com/jiahuili430/couchdb-khash",
       {ref,"4a0e07f7a2870a543510db355d6c2e9c3c1d84b1"}},
  0},
 {<<"meck">>,
  {git,"https://github.com/apache/couchdb-meck.git",
       {ref,"cc47aab4b64a46a5409c1a93353d44a367b41454"}},
  1},
 {<<"mochiweb">>,
  {git,"https://github.com/apache/couchdb-mochiweb.git",
       {ref,"845803a5defa693c546ea7250818f226a52d2891"}},
  0},
 {<<"proper">>,
  {git,"https://github.com/proper-testing/proper",
       {ref,"cfc29e7615ec0a93ac0be619d33609c2139b57fd"}},
  0},
 {<<"recon">>,
  {git,"https://github.com/apache/couchdb-recon",
       {ref,"34194da6d9f8ed25f274e0ebb098dc9e95bcf547"}},
  0},
 {<<"snappy">>,
  {git,"https://github.com/jiahuili430/couchdb-snappy.git",
       {ref,"536286ada94a3aeee6042d047f3a9c369a5f1475"}},
  0}].
